
Microsoft Visual Studio Solution File, Format Version 12.00
# Visual Studio Version 17
VisualStudioVersion = 17.13.35931.197
MinimumVisualStudioVersion = 10.0.40219.1
Project("{2150E333-8FDC-42A3-9474-1A3956D46DE8}") = "Src", "Src", "{02EA681E-C7D8-13C7-8484-4AC65E1B71E8}"
EndProject
Project("{2150E333-8FDC-42A3-9474-1A3956D46DE8}") = "Catalog", "Catalog", "{83062138-10AE-420C-B620-E404F5B1EF2F}"
EndProject
Project("{E53339B2-1760-4266-BCC7-CA923CBCF16C}") = "docker-compose", "docker-compose.dcproj", "{81DDED9D-158B-E303-5F62-77A2896D2A5A}"
EndProject
Project("{2150E333-8FDC-42A3-9474-1A3956D46DE8}") = "Services", "Services", "{00D9A790-B0CA-4944-8143-4246CC7BE8A1}"
EndProject
Project("{FAE04EC0-301F-11D3-BF4B-00C04F79EFBC}") = "Catalog.Api", "Src\Services\Catalog\Catalog.Api\Catalog.Api.csproj", "{2577D5E5-EA8A-BC2D-48B9-5FCA0BB92918}"
EndProject
Project("{2150E333-8FDC-42A3-9474-1A3956D46DE8}") = "Basket", "Basket", "{8CF47F12-9F62-4DD9-8CBD-9B76345F86CD}"
EndProject
Project("{FAE04EC0-301F-11D3-BF4B-00C04F79EFBC}") = "Basket.Api", "Src\Services\Basket\Basket.Api\Basket.Api.csproj", "{E54DDD39-519C-43FA-9C35-B67EE045E95B}"
EndProject
Project("{2150E333-8FDC-42A3-9474-1A3956D46DE8}") = "Discount", "Discount", "{C66ABA0F-FAC7-4E76-9DEA-3C63D6A72C87}"
EndProject
Project("{FAE04EC0-301F-11D3-BF4B-00C04F79EFBC}") = "Discount.Api", "Src\Services\Discount\Discount.Api\Discount.Api.csproj", "{150181D1-D8A5-492C-A142-9B6235D36EAE}"
EndProject
Project("{FAE04EC0-301F-11D3-BF4B-00C04F79EFBC}") = "Discount.Grpc", "Src\Services\Discount\Discount.Grpc\Discount.Grpc.csproj", "{CD933AC9-7251-4717-BB9B-FE1B8DC0C9B7}"
EndProject
Project("{2150E333-8FDC-42A3-9474-1A3956D46DE8}") = "Ordering", "Ordering", "{9261451C-871C-4519-8D54-561151FFA48A}"
EndProject
Project("{FAE04EC0-301F-11D3-BF4B-00C04F79EFBC}") = "Ordering.Api", "Src\Services\Ordering\Ordering.Api\Ordering.Api.csproj", "{4B1ABBB7-8792-4376-B5CC-BCA67FCBC4A9}"
EndProject
Project("{FAE04EC0-301F-11D3-BF4B-00C04F79EFBC}") = "Ordering.Domain", "Src\Services\Ordering\Ordering.Domain\Ordering.Domain.csproj", "{0BDDBCAB-403D-47FE-A789-9321E2A248CF}"
EndProject
Project("{FAE04EC0-301F-11D3-BF4B-00C04F79EFBC}") = "Ordering.Application", "Src\Services\Ordering\Ordering.Application\Ordering.Application.csproj", "{0F9B29A1-B214-4358-BBAB-020851DF62BF}"
EndProject
Project("{FAE04EC0-301F-11D3-BF4B-00C04F79EFBC}") = "Ordering.Infrastructure", "Src\Services\Ordering\Ordering.Infrastructure\Ordering.Infrastructure.csproj", "{7715DBCC-8A2A-4CC1-BFC9-6F60D60E5392}"
EndProject
Project("{2150E333-8FDC-42A3-9474-1A3956D46DE8}") = "BuildingBlocks", "BuildingBlocks", "{7DA42FD9-2FA2-4575-BD6D-62BE9FC6B8D9}"
EndProject
Project("{FAE04EC0-301F-11D3-BF4B-00C04F79EFBC}") = "EventBus.Messages", "Src\BuildingBlocks\EventBus.Messages\EventBus.Messages.csproj", "{F89EA8BD-FA97-463E-AE01-F3B67D6C367B}"
EndProject
Project("{2150E333-8FDC-42A3-9474-1A3956D46DE8}") = "ApiGateways", "ApiGateways", "{BE64A357-46A2-4405-8870-A2AC485889BA}"
EndProject
Project("{FAE04EC0-301F-11D3-BF4B-00C04F79EFBC}") = "OcelotApiGw", "Src\ApiGateways\OcelotApiGw\OcelotApiGw.csproj", "{76959CE9-ADC6-4BDB-8D19-3276E082B655}"
EndProject
Global
	GlobalSection(SolutionConfigurationPlatforms) = preSolution
		Debug|Any CPU = Debug|Any CPU
		Release|Any CPU = Release|Any CPU
	EndGlobalSection
	GlobalSection(ProjectConfigurationPlatforms) = postSolution
		{81DDED9D-158B-E303-5F62-77A2896D2A5A}.Debug|Any CPU.ActiveCfg = Debug|Any CPU
		{81DDED9D-158B-E303-5F62-77A2896D2A5A}.Debug|Any CPU.Build.0 = Debug|Any CPU
		{81DDED9D-158B-E303-5F62-77A2896D2A5A}.Release|Any CPU.ActiveCfg = Release|Any CPU
		{81DDED9D-158B-E303-5F62-77A2896D2A5A}.Release|Any CPU.Build.0 = Release|Any CPU
		{2577D5E5-EA8A-BC2D-48B9-5FCA0BB92918}.Debug|Any CPU.ActiveCfg = Debug|Any CPU
		{2577D5E5-EA8A-BC2D-48B9-5FCA0BB92918}.Debug|Any CPU.Build.0 = Debug|Any CPU
		{2577D5E5-EA8A-BC2D-48B9-5FCA0BB92918}.Release|Any CPU.ActiveCfg = Release|Any CPU
		{2577D5E5-EA8A-BC2D-48B9-5FCA0BB92918}.Release|Any CPU.Build.0 = Release|Any CPU
		{E54DDD39-519C-43FA-9C35-B67EE045E95B}.Debug|Any CPU.ActiveCfg = Debug|Any CPU
		{E54DDD39-519C-43FA-9C35-B67EE045E95B}.Debug|Any CPU.Build.0 = Debug|Any CPU
		{E54DDD39-519C-43FA-9C35-B67EE045E95B}.Release|Any CPU.ActiveCfg = Release|Any CPU
		{E54DDD39-519C-43FA-9C35-B67EE045E95B}.Release|Any CPU.Build.0 = Release|Any CPU
		{150181D1-D8A5-492C-A142-9B6235D36EAE}.Debug|Any CPU.ActiveCfg = Debug|Any CPU
		{150181D1-D8A5-492C-A142-9B6235D36EAE}.Debug|Any CPU.Build.0 = Debug|Any CPU
		{150181D1-D8A5-492C-A142-9B6235D36EAE}.Release|Any CPU.ActiveCfg = Release|Any CPU
		{150181D1-D8A5-492C-A142-9B6235D36EAE}.Release|Any CPU.Build.0 = Release|Any CPU
		{CD933AC9-7251-4717-BB9B-FE1B8DC0C9B7}.Debug|Any CPU.ActiveCfg = Debug|Any CPU
		{CD933AC9-7251-4717-BB9B-FE1B8DC0C9B7}.Debug|Any CPU.Build.0 = Debug|Any CPU
		{CD933AC9-7251-4717-BB9B-FE1B8DC0C9B7}.Release|Any CPU.ActiveCfg = Release|Any CPU
		{CD933AC9-7251-4717-BB9B-FE1B8DC0C9B7}.Release|Any CPU.Build.0 = Release|Any CPU
		{4B1ABBB7-8792-4376-B5CC-BCA67FCBC4A9}.Debug|Any CPU.ActiveCfg = Debug|Any CPU
		{4B1ABBB7-8792-4376-B5CC-BCA67FCBC4A9}.Debug|Any CPU.Build.0 = Debug|Any CPU
		{4B1ABBB7-8792-4376-B5CC-BCA67FCBC4A9}.Release|Any CPU.ActiveCfg = Release|Any CPU
		{4B1ABBB7-8792-4376-B5CC-BCA67FCBC4A9}.Release|Any CPU.Build.0 = Release|Any CPU
		{0BDDBCAB-403D-47FE-A789-9321E2A248CF}.Debug|Any CPU.ActiveCfg = Debug|Any CPU
		{0BDDBCAB-403D-47FE-A789-9321E2A248CF}.Debug|Any CPU.Build.0 = Debug|Any CPU
		{0BDDBCAB-403D-47FE-A789-9321E2A248CF}.Release|Any CPU.ActiveCfg = Release|Any CPU
		{0BDDBCAB-403D-47FE-A789-9321E2A248CF}.Release|Any CPU.Build.0 = Release|Any CPU
		{0F9B29A1-B214-4358-BBAB-020851DF62BF}.Debug|Any CPU.ActiveCfg = Debug|Any CPU
		{0F9B29A1-B214-4358-BBAB-020851DF62BF}.Debug|Any CPU.Build.0 = Debug|Any CPU
		{0F9B29A1-B214-4358-BBAB-020851DF62BF}.Release|Any CPU.ActiveCfg = Release|Any CPU
		{0F9B29A1-B214-4358-BBAB-020851DF62BF}.Release|Any CPU.Build.0 = Release|Any CPU
		{7715DBCC-8A2A-4CC1-BFC9-6F60D60E5392}.Debug|Any CPU.ActiveCfg = Debug|Any CPU
		{7715DBCC-8A2A-4CC1-BFC9-6F60D60E5392}.Debug|Any CPU.Build.0 = Debug|Any CPU
		{7715DBCC-8A2A-4CC1-BFC9-6F60D60E5392}.Release|Any CPU.ActiveCfg = Release|Any CPU
		{7715DBCC-8A2A-4CC1-BFC9-6F60D60E5392}.Release|Any CPU.Build.0 = Release|Any CPU
		{F89EA8BD-FA97-463E-AE01-F3B67D6C367B}.Debug|Any CPU.ActiveCfg = Debug|Any CPU
		{F89EA8BD-FA97-463E-AE01-F3B67D6C367B}.Debug|Any CPU.Build.0 = Debug|Any CPU
		{F89EA8BD-FA97-463E-AE01-F3B67D6C367B}.Release|Any CPU.ActiveCfg = Release|Any CPU
		{F89EA8BD-FA97-463E-AE01-F3B67D6C367B}.Release|Any CPU.Build.0 = Release|Any CPU
		{76959CE9-ADC6-4BDB-8D19-3276E082B655}.Debug|Any CPU.ActiveCfg = Debug|Any CPU
		{76959CE9-ADC6-4BDB-8D19-3276E082B655}.Debug|Any CPU.Build.0 = Debug|Any CPU
		{76959CE9-ADC6-4BDB-8D19-3276E082B655}.Release|Any CPU.ActiveCfg = Release|Any CPU
		{76959CE9-ADC6-4BDB-8D19-3276E082B655}.Release|Any CPU.Build.0 = Release|Any CPU
	EndGlobalSection
	GlobalSection(SolutionProperties) = preSolution
		HideSolutionNode = FALSE
	EndGlobalSection
	GlobalSection(NestedProjects) = preSolution
		{83062138-10AE-420C-B620-E404F5B1EF2F} = {00D9A790-B0CA-4944-8143-4246CC7BE8A1}
		{00D9A790-B0CA-4944-8143-4246CC7BE8A1} = {02EA681E-C7D8-13C7-8484-4AC65E1B71E8}
		{2577D5E5-EA8A-BC2D-48B9-5FCA0BB92918} = {83062138-10AE-420C-B620-E404F5B1EF2F}
		{8CF47F12-9F62-4DD9-8CBD-9B76345F86CD} = {00D9A790-B0CA-4944-8143-4246CC7BE8A1}
		{E54DDD39-519C-43FA-9C35-B67EE045E95B} = {8CF47F12-9F62-4DD9-8CBD-9B76345F86CD}
		{C66ABA0F-FAC7-4E76-9DEA-3C63D6A72C87} = {00D9A790-B0CA-4944-8143-4246CC7BE8A1}
		{150181D1-D8A5-492C-A142-9B6235D36EAE} = {C66ABA0F-FAC7-4E76-9DEA-3C63D6A72C87}
		{CD933AC9-7251-4717-BB9B-FE1B8DC0C9B7} = {C66ABA0F-FAC7-4E76-9DEA-3C63D6A72C87}
		{9261451C-871C-4519-8D54-561151FFA48A} = {00D9A790-B0CA-4944-8143-4246CC7BE8A1}
		{4B1ABBB7-8792-4376-B5CC-BCA67FCBC4A9} = {9261451C-871C-4519-8D54-561151FFA48A}
		{0BDDBCAB-403D-47FE-A789-9321E2A248CF} = {9261451C-871C-4519-8D54-561151FFA48A}
		{0F9B29A1-B214-4358-BBAB-020851DF62BF} = {9261451C-871C-4519-8D54-561151FFA48A}
		{7715DBCC-8A2A-4CC1-BFC9-6F60D60E5392} = {9261451C-871C-4519-8D54-561151FFA48A}
		{7DA42FD9-2FA2-4575-BD6D-62BE9FC6B8D9} = {02EA681E-C7D8-13C7-8484-4AC65E1B71E8}
		{F89EA8BD-FA97-463E-AE01-F3B67D6C367B} = {7DA42FD9-2FA2-4575-BD6D-62BE9FC6B8D9}
		{BE64A357-46A2-4405-8870-A2AC485889BA} = {02EA681E-C7D8-13C7-8484-4AC65E1B71E8}
		{76959CE9-ADC6-4BDB-8D19-3276E082B655} = {BE64A357-46A2-4405-8870-A2AC485889BA}
	EndGlobalSection
	GlobalSection(ExtensibilityGlobals) = postSolution
		SolutionGuid = {0F3E8099-2C47-4136-930E-009CE7C40E1B}
	EndGlobalSection
EndGlobal
